{
  "nodes": {
    "checkmk": {
      "inputs": {
        "checkmk": "checkmk_2",
        "nixpkgs": [
          "nixpkgs"
        ]
      },
      "locked": {
        "lastModified": 1673604399,
        "narHash": "sha256-VqEBHBJ/QbBJ2zVRT80TRdp+mWcaTGinBHuel74EscM=",
        "owner": "BenediktSeidl",
        "repo": "nixos-check_mk_agent-overlay",
        "rev": "59c40e469c8a2429b1bb1a4e9278a2603b1e7322",
        "type": "github"
      },
      "original": {
        "owner": "BenediktSeidl",
        "repo": "nixos-check_mk_agent-overlay",
        "type": "github"
      }
    },
    "checkmk_2": {
      "flake": false,
      "locked": {
        "lastModified": 1673600050,
        "narHash": "sha256-NtEgXmwFPubT2mFRM171k52tD6Ref6NmZNM/YZzKRnE=",
        "owner": "tribe29",
        "repo": "checkmk",
        "rev": "f2879ef2ce6b2ede505fdae30dd861dcdf843622",
        "type": "github"
      },
      "original": {
        "owner": "tribe29",
        "ref": "2.1.0",
        "repo": "checkmk",
        "type": "github"
      }
    },
    "nixpkgs": {
      "locked": {
        "lastModified": 1677932085,
        "narHash": "sha256-+AB4dYllWig8iO6vAiGGYl0NEgmMgGHpy9gzWJ3322g=",
        "owner": "NixOS",
        "repo": "nixpkgs",
        "rev": "3c5319ad3aa51551182ac82ea17ab1c6b0f0df89",
        "type": "github"
      },
      "original": {
        "id": "nixpkgs",
        "ref": "nixos-unstable",
        "type": "indirect"
      }
    },
    "root": {
      "inputs": {
        "checkmk": "checkmk",
        "nixpkgs": "nixpkgs"
      }
    }
  },
  "root": "root",
  "version": 7
}
